// !$*UTF8*$!
{
	archiveVersion = 1;
	classes = {
	};
	objectVersion = 46;
	objects = {

/* Begin PBXBuildFile section */
		3DE6F53EC303D7CEE67963FC /* Pods_MHLiveShow.framework in Frameworks */ = {isa = PBXBuildFile; fileRef = 0690D693660DC83C544E6F44 /* Pods_MHLiveShow.framework */; };
		62F41E131E5F453200AB52D6 /* main.m in Sources */ = {isa = PBXBuildFile; fileRef = 62F41E121E5F453200AB52D6 /* main.m */; };
		62F41E161E5F453200AB52D6 /* AppDelegate.m in Sources */ = {isa = PBXBuildFile; fileRef = 62F41E151E5F453200AB52D6 /* AppDelegate.m */; };
		62F41E191E5F453200AB52D6 /* ViewController.m in Sources */ = {isa = PBXBuildFile; fileRef = 62F41E181E5F453200AB52D6 /* ViewController.m */; };
		62F41E1C1E5F453200AB52D6 /* Main.storyboard in Resources */ = {isa = PBXBuildFile; fileRef = 62F41E1A1E5F453200AB52D6 /* Main.storyboard */; };
		62F41E1E1E5F453200AB52D6 /* Assets.xcassets in Resources */ = {isa = PBXBuildFile; fileRef = 62F41E1D1E5F453200AB52D6 /* Assets.xcassets */; };
		62F41E211E5F453200AB52D6 /* LaunchScreen.storyboard in Resources */ = {isa = PBXBuildFile; fileRef = 62F41E1F1E5F453200AB52D6 /* LaunchScreen.storyboard */; };
		62F41E7E1E5F544200AB52D6 /* NSDate+Extension.m in Sources */ = {isa = PBXBuildFile; fileRef = 62F41E2C1E5F544200AB52D6 /* NSDate+Extension.m */; };
		62F41E7F1E5F544200AB52D6 /* NSDateFormatter+Extension.m in Sources */ = {isa = PBXBuildFile; fileRef = 62F41E2E1E5F544200AB52D6 /* NSDateFormatter+Extension.m */; };
		62F41E801E5F544200AB52D6 /* NSObject+MHRandom.m in Sources */ = {isa = PBXBuildFile; fileRef = 62F41E321E5F544200AB52D6 /* NSObject+MHRandom.m */; };
		62F41E811E5F544200AB52D6 /* NSString+MHSize.m in Sources */ = {isa = PBXBuildFile; fileRef = 62F41E361E5F544200AB52D6 /* NSString+MHSize.m */; };
		62F41E821E5F544200AB52D6 /* UIBarButtonItem+MHExtension.m in Sources */ = {isa = PBXBuildFile; fileRef = 62F41E391E5F544200AB52D6 /* UIBarButtonItem+MHExtension.m */; };
		62F41E831E5F544200AB52D6 /* UIFont+MHExtension.m in Sources */ = {isa = PBXBuildFile; fileRef = 62F41E3C1E5F544200AB52D6 /* UIFont+MHExtension.m */; };
		62F41E841E5F544200AB52D6 /* UIImage+MHBlur.m in Sources */ = {isa = PBXBuildFile; fileRef = 62F41E401E5F544200AB52D6 /* UIImage+MHBlur.m */; };
		62F41E851E5F544200AB52D6 /* UIImage+MHCrop.m in Sources */ = {isa = PBXBuildFile; fileRef = 62F41E421E5F544200AB52D6 /* UIImage+MHCrop.m */; };
		62F41E861E5F544200AB52D6 /* UIImage+MHExtension.m in Sources */ = {isa = PBXBuildFile; fileRef = 62F41E441E5F544200AB52D6 /* UIImage+MHExtension.m */; };
		62F41E871E5F544200AB52D6 /* UIImage+MHFile.m in Sources */ = {isa = PBXBuildFile; fileRef = 62F41E461E5F544200AB52D6 /* UIImage+MHFile.m */; };
		62F41E881E5F544200AB52D6 /* UIImage+MHOrientation.m in Sources */ = {isa = PBXBuildFile; fileRef = 62F41E481E5F544200AB52D6 /* UIImage+MHOrientation.m */; };
		62F41E891E5F544200AB52D6 /* UIImage+MHSnap.m in Sources */ = {isa = PBXBuildFile; fileRef = 62F41E4A1E5F544200AB52D6 /* UIImage+MHSnap.m */; };
		62F41E8A1E5F544200AB52D6 /* UIView+MHExtension.m in Sources */ = {isa = PBXBuildFile; fileRef = 62F41E4E1E5F544200AB52D6 /* UIView+MHExtension.m */; };
		62F41E8B1E5F544200AB52D6 /* UIView+MHFrame.m in Sources */ = {isa = PBXBuildFile; fileRef = 62F41E501E5F544200AB52D6 /* UIView+MHFrame.m */; };
		62F41E8C1E5F544200AB52D6 /* UIViewController+MHDismissKeyboard.m in Sources */ = {isa = PBXBuildFile; fileRef = 62F41E531E5F544200AB52D6 /* UIViewController+MHDismissKeyboard.m */; };
		62F41E8D1E5F544200AB52D6 /* UIViewController+MHHUD.m in Sources */ = {isa = PBXBuildFile; fileRef = 62F41E551E5F544200AB52D6 /* UIViewController+MHHUD.m */; };
		62F41E8E1E5F544200AB52D6 /* MBProgressHUD+MH.m in Sources */ = {isa = PBXBuildFile; fileRef = 62F41E5A1E5F544200AB52D6 /* MBProgressHUD+MH.m */; };
		62F41E8F1E5F544200AB52D6 /* MBProgressHUD.bundle in Resources */ = {isa = PBXBuildFile; fileRef = 62F41E5B1E5F544200AB52D6 /* MBProgressHUD.bundle */; };
		62F41E901E5F544200AB52D6 /* mh_alert.caf in Resources */ = {isa = PBXBuildFile; fileRef = 62F41E631E5F544200AB52D6 /* mh_alert.caf */; };
		62F41E911E5F544200AB52D6 /* mh_capture.wav in Resources */ = {isa = PBXBuildFile; fileRef = 62F41E641E5F544200AB52D6 /* mh_capture.wav */; };
		62F41E921E5F544200AB52D6 /* MHAppUtils.m in Sources */ = {isa = PBXBuildFile; fileRef = 62F41E6B1E5F544200AB52D6 /* MHAppUtils.m */; };
		62F41E931E5F544200AB52D6 /* MHWebImageTool.m in Sources */ = {isa = PBXBuildFile; fileRef = 62F41E6F1E5F544200AB52D6 /* MHWebImageTool.m */; };
		62F41E941E5F544200AB52D6 /* MHBackButton.m in Sources */ = {isa = PBXBuildFile; fileRef = 62F41E731E5F544200AB52D6 /* MHBackButton.m */; };
		62F41E951E5F544200AB52D6 /* MHButton.m in Sources */ = {isa = PBXBuildFile; fileRef = 62F41E751E5F544200AB52D6 /* MHButton.m */; };
		62F41E961E5F544200AB52D6 /* MHDivider.m in Sources */ = {isa = PBXBuildFile; fileRef = 62F41E771E5F544200AB52D6 /* MHDivider.m */; };
		62F41E971E5F544200AB52D6 /* MHImageView.m in Sources */ = {isa = PBXBuildFile; fileRef = 62F41E791E5F544200AB52D6 /* MHImageView.m */; };
		62F41E981E5F544200AB52D6 /* MHTitleLeftButton.m in Sources */ = {isa = PBXBuildFile; fileRef = 62F41E7B1E5F544200AB52D6 /* MHTitleLeftButton.m */; };
		62F41E991E5F544200AB52D6 /* MHTitleRightButton.m in Sources */ = {isa = PBXBuildFile; fileRef = 62F41E7D1E5F544200AB52D6 /* MHTitleRightButton.m */; };
		62F41E9D1E5F561A00AB52D6 /* MHConstant.m in Sources */ = {isa = PBXBuildFile; fileRef = 62F41E9C1E5F561A00AB52D6 /* MHConstant.m */; };
/* End PBXBuildFile section */

/* Begin PBXFileReference section */
		0690D693660DC83C544E6F44 /* Pods_MHLiveShow.framework */ = {isa = PBXFileReference; explicitFileType = wrapper.framework; includeInIndex = 0; path = Pods_MHLiveShow.framework; sourceTree = BUILT_PRODUCTS_DIR; };
		62F41E0E1E5F453200AB52D6 /* MHLiveShow.app */ = {isa = PBXFileReference; explicitFileType = wrapper.application; includeInIndex = 0; path = MHLiveShow.app; sourceTree = BUILT_PRODUCTS_DIR; };
		62F41E121E5F453200AB52D6 /* main.m */ = {isa = PBXFileReference; lastKnownFileType = sourcecode.c.objc; path = main.m; sourceTree = "<group>"; };
		62F41E141E5F453200AB52D6 /* AppDelegate.h */ = {isa = PBXFileReference; lastKnownFileType = sourcecode.c.h; path = AppDelegate.h; sourceTree = "<group>"; };
		62F41E151E5F453200AB52D6 /* AppDelegate.m */ = {isa = PBXFileReference; lastKnownFileType = sourcecode.c.objc; path = AppDelegate.m; sourceTree = "<group>"; };
		62F41E171E5F453200AB52D6 /* ViewController.h */ = {isa = PBXFileReference; lastKnownFileType = sourcecode.c.h; path = ViewController.h; sourceTree = "<group>"; };
		62F41E181E5F453200AB52D6 /* ViewController.m */ = {isa = PBXFileReference; lastKnownFileType = sourcecode.c.objc; path = ViewController.m; sourceTree = "<group>"; };
		62F41E1B1E5F453200AB52D6 /* Base */ = {isa = PBXFileReference; lastKnownFileType = file.storyboard; name = Base; path = Base.lproj/Main.storyboard; sourceTree = "<group>"; };
		62F41E1D1E5F453200AB52D6 /* Assets.xcassets */ = {isa = PBXFileReference; lastKnownFileType = folder.assetcatalog; path = Assets.xcassets; sourceTree = "<group>"; };
		62F41E201E5F453200AB52D6 /* Base */ = {isa = PBXFileReference; lastKnownFileType = file.storyboard; name = Base; path = Base.lproj/LaunchScreen.storyboard; sourceTree = "<group>"; };
		62F41E221E5F453200AB52D6 /* Info.plist */ = {isa = PBXFileReference; lastKnownFileType = text.plist.xml; path = Info.plist; sourceTree = "<group>"; };
		62F41E2B1E5F544200AB52D6 /* NSDate+Extension.h */ = {isa = PBXFileReference; fileEncoding = 4; lastKnownFileType = sourcecode.c.h; path = "NSDate+Extension.h"; sourceTree = "<group>"; };
		62F41E2C1E5F544200AB52D6 /* NSDate+Extension.m */ = {isa = PBXFileReference; fileEncoding = 4; lastKnownFileType = sourcecode.c.objc; path = "NSDate+Extension.m"; sourceTree = "<group>"; };
		62F41E2D1E5F544200AB52D6 /* NSDateFormatter+Extension.h */ = {isa = PBXFileReference; fileEncoding = 4; lastKnownFileType = sourcecode.c.h; path = "NSDateFormatter+Extension.h"; sourceTree = "<group>"; };
		62F41E2E1E5F544200AB52D6 /* NSDateFormatter+Extension.m */ = {isa = PBXFileReference; fileEncoding = 4; lastKnownFileType = sourcecode.c.objc; path = "NSDateFormatter+Extension.m"; sourceTree = "<group>"; };
		62F41E301E5F544200AB52D6 /* NSObject+MH.h */ = {isa = PBXFileReference; fileEncoding = 4; lastKnownFileType = sourcecode.c.h; path = "NSObject+MH.h"; sourceTree = "<group>"; };
		62F41E311E5F544200AB52D6 /* NSObject+MHRandom.h */ = {isa = PBXFileReference; fileEncoding = 4; lastKnownFileType = sourcecode.c.h; path = "NSObject+MHRandom.h"; sourceTree = "<group>"; };
		62F41E321E5F544200AB52D6 /* NSObject+MHRandom.m */ = {isa = PBXFileReference; fileEncoding = 4; lastKnownFileType = sourcecode.c.objc; path = "NSObject+MHRandom.m"; sourceTree = "<group>"; };
		62F41E341E5F544200AB52D6 /* NSString+MH.h */ = {isa = PBXFileReference; fileEncoding = 4; lastKnownFileType = sourcecode.c.h; path = "NSString+MH.h"; sourceTree = "<group>"; };
		62F41E351E5F544200AB52D6 /* NSString+MHSize.h */ = {isa = PBXFileReference; fileEncoding = 4; lastKnownFileType = sourcecode.c.h; path = "NSString+MHSize.h"; sourceTree = "<group>"; };
		62F41E361E5F544200AB52D6 /* NSString+MHSize.m */ = {isa = PBXFileReference; fileEncoding = 4; lastKnownFileType = sourcecode.c.objc; path = "NSString+MHSize.m"; sourceTree = "<group>"; };
		62F41E381E5F544200AB52D6 /* UIBarButtonItem+MHExtension.h */ = {isa = PBXFileReference; fileEncoding = 4; lastKnownFileType = sourcecode.c.h; path = "UIBarButtonItem+MHExtension.h"; sourceTree = "<group>"; };
		62F41E391E5F544200AB52D6 /* UIBarButtonItem+MHExtension.m */ = {isa = PBXFileReference; fileEncoding = 4; lastKnownFileType = sourcecode.c.objc; path = "UIBarButtonItem+MHExtension.m"; sourceTree = "<group>"; };
		62F41E3B1E5F544200AB52D6 /* UIFont+MHExtension.h */ = {isa = PBXFileReference; fileEncoding = 4; lastKnownFileType = sourcecode.c.h; path = "UIFont+MHExtension.h"; sourceTree = "<group>"; };
		62F41E3C1E5F544200AB52D6 /* UIFont+MHExtension.m */ = {isa = PBXFileReference; fileEncoding = 4; lastKnownFileType = sourcecode.c.objc; path = "UIFont+MHExtension.m"; sourceTree = "<group>"; };
		62F41E3E1E5F544200AB52D6 /* UIImage+MH.h */ = {isa = PBXFileReference; fileEncoding = 4; lastKnownFileType = sourcecode.c.h; path = "UIImage+MH.h"; sourceTree = "<group>"; };
		62F41E3F1E5F544200AB52D6 /* UIImage+MHBlur.h */ = {isa = PBXFileReference; fileEncoding = 4; lastKnownFileType = sourcecode.c.h; path = "UIImage+MHBlur.h"; sourceTree = "<group>"; };
		62F41E401E5F544200AB52D6 /* UIImage+MHBlur.m */ = {isa = PBXFileReference; fileEncoding = 4; lastKnownFileType = sourcecode.c.objc; path = "UIImage+MHBlur.m"; sourceTree = "<group>"; };
		62F41E411E5F544200AB52D6 /* UIImage+MHCrop.h */ = {isa = PBXFileReference; fileEncoding = 4; lastKnownFileType = sourcecode.c.h; path = "UIImage+MHCrop.h"; sourceTree = "<group>"; };
		62F41E421E5F544200AB52D6 /* UIImage+MHCrop.m */ = {isa = PBXFileReference; fileEncoding = 4; lastKnownFileType = sourcecode.c.objc; path = "UIImage+MHCrop.m"; sourceTree = "<group>"; };
		62F41E431E5F544200AB52D6 /* UIImage+MHExtension.h */ = {isa = PBXFileReference; fileEncoding = 4; lastKnownFileType = sourcecode.c.h; path = "UIImage+MHExtension.h"; sourceTree = "<group>"; };
		62F41E441E5F544200AB52D6 /* UIImage+MHExtension.m */ = {isa = PBXFileReference; fileEncoding = 4; lastKnownFileType = sourcecode.c.objc; path = "UIImage+MHExtension.m"; sourceTree = "<group>"; };
		62F41E451E5F544200AB52D6 /* UIImage+MHFile.h */ = {isa = PBXFileReference; fileEncoding = 4; lastKnownFileType = sourcecode.c.h; path = "UIImage+MHFile.h"; sourceTree = "<group>"; };
		62F41E461E5F544200AB52D6 /* UIImage+MHFile.m */ = {isa = PBXFileReference; fileEncoding = 4; lastKnownFileType = sourcecode.c.objc; path = "UIImage+MHFile.m"; sourceTree = "<group>"; };
		62F41E471E5F544200AB52D6 /* UIImage+MHOrientation.h */ = {isa = PBXFileReference; fileEncoding = 4; lastKnownFileType = sourcecode.c.h; path = "UIImage+MHOrientation.h"; sourceTree = "<group>"; };
		62F41E481E5F544200AB52D6 /* UIImage+MHOrientation.m */ = {isa = PBXFileReference; fileEncoding = 4; lastKnownFileType = sourcecode.c.objc; path = "UIImage+MHOrientation.m"; sourceTree = "<group>"; };
		62F41E491E5F544200AB52D6 /* UIImage+MHSnap.h */ = {isa = PBXFileReference; fileEncoding = 4; lastKnownFileType = sourcecode.c.h; path = "UIImage+MHSnap.h"; sourceTree = "<group>"; };
		62F41E4A1E5F544200AB52D6 /* UIImage+MHSnap.m */ = {isa = PBXFileReference; fileEncoding = 4; lastKnownFileType = sourcecode.c.objc; path = "UIImage+MHSnap.m"; sourceTree = "<group>"; };
		62F41E4C1E5F544200AB52D6 /* UIView+MH.h */ = {isa = PBXFileReference; fileEncoding = 4; lastKnownFileType = sourcecode.c.h; path = "UIView+MH.h"; sourceTree = "<group>"; };
		62F41E4D1E5F544200AB52D6 /* UIView+MHExtension.h */ = {isa = PBXFileReference; fileEncoding = 4; lastKnownFileType = sourcecode.c.h; path = "UIView+MHExtension.h"; sourceTree = "<group>"; };
		62F41E4E1E5F544200AB52D6 /* UIView+MHExtension.m */ = {isa = PBXFileReference; fileEncoding = 4; lastKnownFileType = sourcecode.c.objc; path = "UIView+MHExtension.m"; sourceTree = "<group>"; };
		62F41E4F1E5F544200AB52D6 /* UIView+MHFrame.h */ = {isa = PBXFileReference; fileEncoding = 4; lastKnownFileType = sourcecode.c.h; path = "UIView+MHFrame.h"; sourceTree = "<group>"; };
		62F41E501E5F544200AB52D6 /* UIView+MHFrame.m */ = {isa = PBXFileReference; fileEncoding = 4; lastKnownFileType = sourcecode.c.objc; path = "UIView+MHFrame.m"; sourceTree = "<group>"; };
		62F41E521E5F544200AB52D6 /* UIViewController+MHDismissKeyboard.h */ = {isa = PBXFileReference; fileEncoding = 4; lastKnownFileType = sourcecode.c.h; path = "UIViewController+MHDismissKeyboard.h"; sourceTree = "<group>"; };
		62F41E531E5F544200AB52D6 /* UIViewController+MHDismissKeyboard.m */ = {isa = PBXFileReference; fileEncoding = 4; lastKnownFileType = sourcecode.c.objc; path = "UIViewController+MHDismissKeyboard.m"; sourceTree = "<group>"; };
		62F41E541E5F544200AB52D6 /* UIViewController+MHHUD.h */ = {isa = PBXFileReference; fileEncoding = 4; lastKnownFileType = sourcecode.c.h; path = "UIViewController+MHHUD.h"; sourceTree = "<group>"; };
		62F41E551E5F544200AB52D6 /* UIViewController+MHHUD.m */ = {isa = PBXFileReference; fileEncoding = 4; lastKnownFileType = sourcecode.c.objc; path = "UIViewController+MHHUD.m"; sourceTree = "<group>"; };
		62F41E591E5F544200AB52D6 /* MBProgressHUD+MH.h */ = {isa = PBXFileReference; fileEncoding = 4; lastKnownFileType = sourcecode.c.h; path = "MBProgressHUD+MH.h"; sourceTree = "<group>"; };
		62F41E5A1E5F544200AB52D6 /* MBProgressHUD+MH.m */ = {isa = PBXFileReference; fileEncoding = 4; lastKnownFileType = sourcecode.c.objc; path = "MBProgressHUD+MH.m"; sourceTree = "<group>"; };
		62F41E5B1E5F544200AB52D6 /* MBProgressHUD.bundle */ = {isa = PBXFileReference; lastKnownFileType = "wrapper.plug-in"; path = MBProgressHUD.bundle; sourceTree = "<group>"; };
		62F41E5D1E5F544200AB52D6 /* MHSingleton.h */ = {isa = PBXFileReference; fileEncoding = 4; lastKnownFileType = sourcecode.c.h; path = MHSingleton.h; sourceTree = "<group>"; };
		62F41E631E5F544200AB52D6 /* mh_alert.caf */ = {isa = PBXFileReference; lastKnownFileType = file; path = mh_alert.caf; sourceTree = "<group>"; };
		62F41E641E5F544200AB52D6 /* mh_capture.wav */ = {isa = PBXFileReference; lastKnownFileType = audio.wav; path = mh_capture.wav; sourceTree = "<group>"; };
		62F41E6A1E5F544200AB52D6 /* MHAppUtils.h */ = {isa = PBXFileReference; fileEncoding = 4; lastKnownFileType = sourcecode.c.h; path = MHAppUtils.h; sourceTree = "<group>"; };
		62F41E6B1E5F544200AB52D6 /* MHAppUtils.m */ = {isa = PBXFileReference; fileEncoding = 4; lastKnownFileType = sourcecode.c.objc; path = MHAppUtils.m; sourceTree = "<group>"; };
		62F41E6E1E5F544200AB52D6 /* MHWebImageTool.h */ = {isa = PBXFileReference; fileEncoding = 4; lastKnownFileType = sourcecode.c.h; path = MHWebImageTool.h; sourceTree = "<group>"; };
		62F41E6F1E5F544200AB52D6 /* MHWebImageTool.m */ = {isa = PBXFileReference; fileEncoding = 4; lastKnownFileType = sourcecode.c.objc; path = MHWebImageTool.m; sourceTree = "<group>"; };
		62F41E721E5F544200AB52D6 /* MHBackButton.h */ = {isa = PBXFileReference; fileEncoding = 4; lastKnownFileType = sourcecode.c.h; path = MHBackButton.h; sourceTree = "<group>"; };
		62F41E731E5F544200AB52D6 /* MHBackButton.m */ = {isa = PBXFileReference; fileEncoding = 4; lastKnownFileType = sourcecode.c.objc; path = MHBackButton.m; sourceTree = "<group>"; };
		62F41E741E5F544200AB52D6 /* MHButton.h */ = {isa = PBXFileReference; fileEncoding = 4; lastKnownFileType = sourcecode.c.h; path = MHButton.h; sourceTree = "<group>"; };
		62F41E751E5F544200AB52D6 /* MHButton.m */ = {isa = PBXFileReference; fileEncoding = 4; lastKnownFileType = sourcecode.c.objc; path = MHButton.m; sourceTree = "<group>"; };
		62F41E761E5F544200AB52D6 /* MHDivider.h */ = {isa = PBXFileReference; fileEncoding = 4; lastKnownFileType = sourcecode.c.h; path = MHDivider.h; sourceTree = "<group>"; };
		62F41E771E5F544200AB52D6 /* MHDivider.m */ = {isa = PBXFileReference; fileEncoding = 4; lastKnownFileType = sourcecode.c.objc; path = MHDivider.m; sourceTree = "<group>"; };
		62F41E781E5F544200AB52D6 /* MHImageView.h */ = {isa = PBXFileReference; fileEncoding = 4; lastKnownFileType = sourcecode.c.h; path = MHImageView.h; sourceTree = "<group>"; };
		62F41E791E5F544200AB52D6 /* MHImageView.m */ = {isa = PBXFileReference; fileEncoding = 4; lastKnownFileType = sourcecode.c.objc; path = MHImageView.m; sourceTree = "<group>"; };
		62F41E7A1E5F544200AB52D6 /* MHTitleLeftButton.h */ = {isa = PBXFileReference; fileEncoding = 4; lastKnownFileType = sourcecode.c.h; path = MHTitleLeftButton.h; sourceTree = "<group>"; };
		62F41E7B1E5F544200AB52D6 /* MHTitleLeftButton.m */ = {isa = PBXFileReference; fileEncoding = 4; lastKnownFileType = sourcecode.c.objc; path = MHTitleLeftButton.m; sourceTree = "<group>"; };
		62F41E7C1E5F544200AB52D6 /* MHTitleRightButton.h */ = {isa = PBXFileReference; fileEncoding = 4; lastKnownFileType = sourcecode.c.h; path = MHTitleRightButton.h; sourceTree = "<group>"; };
		62F41E7D1E5F544200AB52D6 /* MHTitleRightButton.m */ = {isa = PBXFileReference; fileEncoding = 4; lastKnownFileType = sourcecode.c.objc; path = MHTitleRightButton.m; sourceTree = "<group>"; };
		62F41E9A1E5F54BF00AB52D6 /* MHLiveShowPrefixHeader.pch */ = {isa = PBXFileReference; fileEncoding = 4; lastKnownFileType = sourcecode.c.h; path = MHLiveShowPrefixHeader.pch; sourceTree = "<group>"; };
		62F41E9B1E5F561A00AB52D6 /* MHConstant.h */ = {isa = PBXFileReference; fileEncoding = 4; lastKnownFileType = sourcecode.c.h; path = MHConstant.h; sourceTree = "<group>"; };
		62F41E9C1E5F561A00AB52D6 /* MHConstant.m */ = {isa = PBXFileReference; fileEncoding = 4; lastKnownFileType = sourcecode.c.objc; path = MHConstant.m; sourceTree = "<group>"; };
		6E13EF41B44EB672A99A0052 /* Pods-MHLiveShow.release.xcconfig */ = {isa = PBXFileReference; includeInIndex = 1; lastKnownFileType = text.xcconfig; name = "Pods-MHLiveShow.release.xcconfig"; path = "Pods/Target Support Files/Pods-MHLiveShow/Pods-MHLiveShow.release.xcconfig"; sourceTree = "<group>"; };
		E7FA9440C6D50D1125CFAFD0 /* Pods-MHLiveShow.debug.xcconfig */ = {isa = PBXFileReference; includeInIndex = 1; lastKnownFileType = text.xcconfig; name = "Pods-MHLiveShow.debug.xcconfig"; path = "Pods/Target Support Files/Pods-MHLiveShow/Pods-MHLiveShow.debug.xcconfig"; sourceTree = "<group>"; };
/* End PBXFileReference section */

/* Begin PBXFrameworksBuildPhase section */
		62F41E0B1E5F453200AB52D6 /* Frameworks */ = {
			isa = PBXFrameworksBuildPhase;
			buildActionMask = 2147483647;
			files = (
				3DE6F53EC303D7CEE67963FC /* Pods_MHLiveShow.framework in Frameworks */,
			);
			runOnlyForDeploymentPostprocessing = 0;
		};
/* End PBXFrameworksBuildPhase section */

/* Begin PBXGroup section */
		5651013D642DE53C5E4B34DD /* Frameworks */ = {
			isa = PBXGroup;
			children = (
				0690D693660DC83C544E6F44 /* Pods_MHLiveShow.framework */,
			);
			name = Frameworks;
			sourceTree = "<group>";
		};
		5851EAC4B8ED2E6683D0A1A4 /* Pods */ = {
			isa = PBXGroup;
			children = (
				E7FA9440C6D50D1125CFAFD0 /* Pods-MHLiveShow.debug.xcconfig */,
				6E13EF41B44EB672A99A0052 /* Pods-MHLiveShow.release.xcconfig */,
			);
			name = Pods;
			sourceTree = "<group>";
		};
		62F41E051E5F453200AB52D6 = {
			isa = PBXGroup;
			children = (
				62F41E101E5F453200AB52D6 /* MHLiveShow */,
				62F41E0F1E5F453200AB52D6 /* Products */,
				5851EAC4B8ED2E6683D0A1A4 /* Pods */,
				5651013D642DE53C5E4B34DD /* Frameworks */,
			);
			sourceTree = "<group>";
		};
		62F41E0F1E5F453200AB52D6 /* Products */ = {
			isa = PBXGroup;
			children = (
				62F41E0E1E5F453200AB52D6 /* MHLiveShow.app */,
			);
			name = Products;
			sourceTree = "<group>";
		};
		62F41E101E5F453200AB52D6 /* MHLiveShow */ = {
			isa = PBXGroup;
			children = (
				62F41E281E5F544200AB52D6 /* Classes */,
				62F41E141E5F453200AB52D6 /* AppDelegate.h */,
				62F41E151E5F453200AB52D6 /* AppDelegate.m */,
				62F41E171E5F453200AB52D6 /* ViewController.h */,
				62F41E181E5F453200AB52D6 /* ViewController.m */,
				62F41E1A1E5F453200AB52D6 /* Main.storyboard */,
				62F41E1D1E5F453200AB52D6 /* Assets.xcassets */,
				62F41E1F1E5F453200AB52D6 /* LaunchScreen.storyboard */,
				62F41E221E5F453200AB52D6 /* Info.plist */,
				62F41E111E5F453200AB52D6 /* Supporting Files */,
			);
			path = MHLiveShow;
			sourceTree = "<group>";
		};
		62F41E111E5F453200AB52D6 /* Supporting Files */ = {
			isa = PBXGroup;
			children = (
				62F41E121E5F453200AB52D6 /* main.m */,
				62F41E9A1E5F54BF00AB52D6 /* MHLiveShowPrefixHeader.pch */,
			);
			name = "Supporting Files";
			sourceTree = "<group>";
		};
		62F41E281E5F544200AB52D6 /* Classes */ = {
			isa = PBXGroup;
			children = (
				62F41E291E5F544200AB52D6 /* Category */,
				62F41E561E5F544200AB52D6 /* Controller */,
				62F41E571E5F544200AB52D6 /* Libs */,
				62F41E5E1E5F544200AB52D6 /* Model */,
				62F41E5F1E5F544200AB52D6 /* Other */,
				62F41E681E5F544200AB52D6 /* Tool */,
				62F41E711E5F544200AB52D6 /* View */,
			);
			path = Classes;
			sourceTree = "<group>";
		};
		62F41E291E5F544200AB52D6 /* Category */ = {
			isa = PBXGroup;
			children = (
				62F41E2A1E5F544200AB52D6 /* NSDate */,
				62F41E2F1E5F544200AB52D6 /* NSObject */,
				62F41E331E5F544200AB52D6 /* NSString */,
				62F41E371E5F544200AB52D6 /* UIBarButtonItem */,
				62F41E3A1E5F544200AB52D6 /* UIFont */,
				62F41E3D1E5F544200AB52D6 /* UIImage */,
				62F41E4B1E5F544200AB52D6 /* UIView */,
				62F41E511E5F544200AB52D6 /* UIViewController */,
			);
			path = Category;
			sourceTree = "<group>";
		};
		62F41E2A1E5F544200AB52D6 /* NSDate */ = {
			isa = PBXGroup;
			children = (
				62F41E2B1E5F544200AB52D6 /* NSDate+Extension.h */,
				62F41E2C1E5F544200AB52D6 /* NSDate+Extension.m */,
				62F41E2D1E5F544200AB52D6 /* NSDateFormatter+Extension.h */,
				62F41E2E1E5F544200AB52D6 /* NSDateFormatter+Extension.m */,
			);
			path = NSDate;
			sourceTree = "<group>";
		};
		62F41E2F1E5F544200AB52D6 /* NSObject */ = {
			isa = PBXGroup;
			children = (
				62F41E301E5F544200AB52D6 /* NSObject+MH.h */,
				62F41E311E5F544200AB52D6 /* NSObject+MHRandom.h */,
				62F41E321E5F544200AB52D6 /* NSObject+MHRandom.m */,
			);
			path = NSObject;
			sourceTree = "<group>";
		};
		62F41E331E5F544200AB52D6 /* NSString */ = {
			isa = PBXGroup;
			children = (
				62F41E341E5F544200AB52D6 /* NSString+MH.h */,
				62F41E351E5F544200AB52D6 /* NSString+MHSize.h */,
				62F41E361E5F544200AB52D6 /* NSString+MHSize.m */,
			);
			path = NSString;
			sourceTree = "<group>";
		};
		62F41E371E5F544200AB52D6 /* UIBarButtonItem */ = {
			isa = PBXGroup;
			children = (
				62F41E381E5F544200AB52D6 /* UIBarButtonItem+MHExtension.h */,
				62F41E391E5F544200AB52D6 /* UIBarButtonItem+MHExtension.m */,
			);
			path = UIBarButtonItem;
			sourceTree = "<group>";
		};
		62F41E3A1E5F544200AB52D6 /* UIFont */ = {
			isa = PBXGroup;
			children = (
				62F41E3B1E5F544200AB52D6 /* UIFont+MHExtension.h */,
				62F41E3C1E5F544200AB52D6 /* UIFont+MHExtension.m */,
			);
			path = UIFont;
			sourceTree = "<group>";
		};
		62F41E3D1E5F544200AB52D6 /* UIImage */ = {
			isa = PBXGroup;
			children = (
				62F41E3E1E5F544200AB52D6 /* UIImage+MH.h */,
				62F41E3F1E5F544200AB52D6 /* UIImage+MHBlur.h */,
				62F41E401E5F544200AB52D6 /* UIImage+MHBlur.m */,
				62F41E411E5F544200AB52D6 /* UIImage+MHCrop.h */,
				62F41E421E5F544200AB52D6 /* UIImage+MHCrop.m */,
				62F41E431E5F544200AB52D6 /* UIImage+MHExtension.h */,
				62F41E441E5F544200AB52D6 /* UIImage+MHExtension.m */,
				62F41E451E5F544200AB52D6 /* UIImage+MHFile.h */,
				62F41E461E5F544200AB52D6 /* UIImage+MHFile.m */,
				62F41E471E5F544200AB52D6 /* UIImage+MHOrientation.h */,
				62F41E481E5F544200AB52D6 /* UIImage+MHOrientation.m */,
				62F41E491E5F544200AB52D6 /* UIImage+MHSnap.h */,
				62F41E4A1E5F544200AB52D6 /* UIImage+MHSnap.m */,
			);
			path = UIImage;
			sourceTree = "<group>";
		};
		62F41E4B1E5F544200AB52D6 /* UIView */ = {
			isa = PBXGroup;
			children = (
				62F41E4C1E5F544200AB52D6 /* UIView+MH.h */,
				62F41E4D1E5F544200AB52D6 /* UIView+MHExtension.h */,
				62F41E4E1E5F544200AB52D6 /* UIView+MHExtension.m */,
				62F41E4F1E5F544200AB52D6 /* UIView+MHFrame.h */,
				62F41E501E5F544200AB52D6 /* UIView+MHFrame.m */,
			);
			path = UIView;
			sourceTree = "<group>";
		};
		62F41E511E5F544200AB52D6 /* UIViewController */ = {
			isa = PBXGroup;
			children = (
				62F41E521E5F544200AB52D6 /* UIViewController+MHDismissKeyboard.h */,
				62F41E531E5F544200AB52D6 /* UIViewController+MHDismissKeyboard.m */,
				62F41E541E5F544200AB52D6 /* UIViewController+MHHUD.h */,
				62F41E551E5F544200AB52D6 /* UIViewController+MHHUD.m */,
			);
			path = UIViewController;
			sourceTree = "<group>";
		};
		62F41E561E5F544200AB52D6 /* Controller */ = {
			isa = PBXGroup;
			children = (
			);
			path = Controller;
			sourceTree = "<group>";
		};
		62F41E571E5F544200AB52D6 /* Libs */ = {
			isa = PBXGroup;
			children = (
				62F41E581E5F544200AB52D6 /* MBProgressHUD+MH */,
				62F41E5C1E5F544200AB52D6 /* Singleton */,
			);
			path = Libs;
			sourceTree = "<group>";
		};
		62F41E581E5F544200AB52D6 /* MBProgressHUD+MH */ = {
			isa = PBXGroup;
			children = (
				62F41E591E5F544200AB52D6 /* MBProgressHUD+MH.h */,
				62F41E5A1E5F544200AB52D6 /* MBProgressHUD+MH.m */,
				62F41E5B1E5F544200AB52D6 /* MBProgressHUD.bundle */,
			);
			path = "MBProgressHUD+MH";
			sourceTree = "<group>";
		};
		62F41E5C1E5F544200AB52D6 /* Singleton */ = {
			isa = PBXGroup;
			children = (
				62F41E5D1E5F544200AB52D6 /* MHSingleton.h */,
			);
			path = Singleton;
			sourceTree = "<group>";
		};
		62F41E5E1E5F544200AB52D6 /* Model */ = {
			isa = PBXGroup;
			children = (
			);
			path = Model;
			sourceTree = "<group>";
		};
		62F41E5F1E5F544200AB52D6 /* Other */ = {
			isa = PBXGroup;
			children = (
				62F41E601E5F544200AB52D6 /* Common */,
				62F41E611E5F544200AB52D6 /* Data */,
				62F41E671E5F544200AB52D6 /* Picture */,
			);
			path = Other;
			sourceTree = "<group>";
		};
		62F41E601E5F544200AB52D6 /* Common */ = {
			isa = PBXGroup;
			children = (
				62F41E9B1E5F561A00AB52D6 /* MHConstant.h */,
				62F41E9C1E5F561A00AB52D6 /* MHConstant.m */,
			);
			path = Common;
			sourceTree = "<group>";
		};
		62F41E611E5F544200AB52D6 /* Data */ = {
			isa = PBXGroup;
			children = (
				62F41E621E5F544200AB52D6 /* Data */,
				62F41E651E5F544200AB52D6 /* Json */,
				62F41E661E5F544200AB52D6 /* Plist */,
			);
			path = Data;
			sourceTree = "<group>";
		};
		62F41E621E5F544200AB52D6 /* Data */ = {
			isa = PBXGroup;
			children = (
				62F41E631E5F544200AB52D6 /* mh_alert.caf */,
				62F41E641E5F544200AB52D6 /* mh_capture.wav */,
			);
			path = Data;
			sourceTree = "<group>";
		};
		62F41E651E5F544200AB52D6 /* Json */ = {
			isa = PBXGroup;
			children = (
			);
			path = Json;
			sourceTree = "<group>";
		};
		62F41E661E5F544200AB52D6 /* Plist */ = {
			isa = PBXGroup;
			children = (
			);
			path = Plist;
			sourceTree = "<group>";
		};
		62F41E671E5F544200AB52D6 /* Picture */ = {
			isa = PBXGroup;
			children = (
			);
			path = Picture;
			sourceTree = "<group>";
		};
		62F41E681E5F544200AB52D6 /* Tool */ = {
			isa = PBXGroup;
			children = (
				62F41E691E5F544200AB52D6 /* Common */,
				62F41E6C1E5F544200AB52D6 /* Http */,
				62F41E6D1E5F544200AB52D6 /* WebImage */,
				62F41E701E5F544200AB52D6 /* WebSocket */,
			);
			path = Tool;
			sourceTree = "<group>";
		};
		62F41E691E5F544200AB52D6 /* Common */ = {
			isa = PBXGroup;
			children = (
				62F41E6A1E5F544200AB52D6 /* MHAppUtils.h */,
				62F41E6B1E5F544200AB52D6 /* MHAppUtils.m */,
			);
			path = Common;
			sourceTree = "<group>";
		};
		62F41E6C1E5F544200AB52D6 /* Http */ = {
			isa = PBXGroup;
			children = (
			);
			path = Http;
			sourceTree = "<group>";
		};
		62F41E6D1E5F544200AB52D6 /* WebImage */ = {
			isa = PBXGroup;
			children = (
				62F41E6E1E5F544200AB52D6 /* MHWebImageTool.h */,
				62F41E6F1E5F544200AB52D6 /* MHWebImageTool.m */,
			);
			path = WebImage;
			sourceTree = "<group>";
		};
		62F41E701E5F544200AB52D6 /* WebSocket */ = {
			isa = PBXGroup;
			children = (
			);
			path = WebSocket;
			sourceTree = "<group>";
		};
		62F41E711E5F544200AB52D6 /* View */ = {
			isa = PBXGroup;
			children = (
				62F41E721E5F544200AB52D6 /* MHBackButton.h */,
				62F41E731E5F544200AB52D6 /* MHBackButton.m */,
				62F41E741E5F544200AB52D6 /* MHButton.h */,
				62F41E751E5F544200AB52D6 /* MHButton.m */,
				62F41E761E5F544200AB52D6 /* MHDivider.h */,
				62F41E771E5F544200AB52D6 /* MHDivider.m */,
				62F41E781E5F544200AB52D6 /* MHImageView.h */,
				62F41E791E5F544200AB52D6 /* MHImageView.m */,
				62F41E7A1E5F544200AB52D6 /* MHTitleLeftButton.h */,
				62F41E7B1E5F544200AB52D6 /* MHTitleLeftButton.m */,
				62F41E7C1E5F544200AB52D6 /* MHTitleRightButton.h */,
				62F41E7D1E5F544200AB52D6 /* MHTitleRightButton.m */,
			);
			path = View;
			sourceTree = "<group>";
		};
/* End PBXGroup section */

/* Begin PBXNativeTarget section */
		62F41E0D1E5F453200AB52D6 /* MHLiveShow */ = {
			isa = PBXNativeTarget;
			buildConfigurationList = 62F41E251E5F453200AB52D6 /* Build configuration list for PBXNativeTarget "MHLiveShow" */;
			buildPhases = (
				CCBB088EBB77EEF70E895688 /* [CP] Check Pods Manifest.lock */,
				62F41E0A1E5F453200AB52D6 /* Sources */,
				62F41E0B1E5F453200AB52D6 /* Frameworks */,
				62F41E0C1E5F453200AB52D6 /* Resources */,
				A8BA87781C18B3641B735D58 /* [CP] Embed Pods Frameworks */,
				013BBF54337B0BD9A879219D /* [CP] Copy Pods Resources */,
			);
			buildRules = (
			);
			dependencies = (
			);
			name = MHLiveShow;
			productName = MHLiveShow;
			productReference = 62F41E0E1E5F453200AB52D6 /* MHLiveShow.app */;
			productType = "com.apple.product-type.application";
		};
/* End PBXNativeTarget section */

/* Begin PBXProject section */
		62F41E061E5F453200AB52D6 /* Project object */ = {
			isa = PBXProject;
			attributes = {
				LastUpgradeCheck = 0820;
				ORGANIZATIONNAME = CoderMikeHe;
				TargetAttributes = {
					62F41E0D1E5F453200AB52D6 = {
						CreatedOnToolsVersion = 8.2;
						DevelopmentTeam = MVW6RM56HS;
						ProvisioningStyle = Automatic;
					};
				};
			};
			buildConfigurationList = 62F41E091E5F453200AB52D6 /* Build configuration list for PBXProject "MHLiveShow" */;
			compatibilityVersion = "Xcode 3.2";
			developmentRegion = English;
			hasScannedForEncodings = 0;
			knownRegions = (
				en,
				Base,
			);
			mainGroup = 62F41E051E5F453200AB52D6;
			productRefGroup = 62F41E0F1E5F453200AB52D6 /* Products */;
			projectDirPath = "";
			projectRoot = "";
			targets = (
				62F41E0D1E5F453200AB52D6 /* MHLiveShow */,
			);
		};
/* End PBXProject section */

/* Begin PBXResourcesBuildPhase section */
		62F41E0C1E5F453200AB52D6 /* Resources */ = {
			isa = PBXResourcesBuildPhase;
			buildActionMask = 2147483647;
			files = (
				62F41E211E5F453200AB52D6 /* LaunchScreen.storyboard in Resources */,
				62F41E901E5F544200AB52D6 /* mh_alert.caf in Resources */,
				62F41E911E5F544200AB52D6 /* mh_capture.wav in Resources */,
				62F41E8F1E5F544200AB52D6 /* MBProgressHUD.bundle in Resources */,
				62F41E1E1E5F453200AB52D6 /* Assets.xcassets in Resources */,
				62F41E1C1E5F453200AB52D6 /* Main.storyboard in Resources */,
			);
			runOnlyForDeploymentPostprocessing = 0;
		};
/* End PBXResourcesBuildPhase section */

/* Begin PBXShellScriptBuildPhase section */
		013BBF54337B0BD9A879219D /* [CP] Copy Pods Resources */ = {
			isa = PBXShellScriptBuildPhase;
			buildActionMask = 2147483647;
			files = (
			);
			inputPaths = (
			);
			name = "[CP] Copy Pods Resources";
			outputPaths = (
			);
			runOnlyForDeploymentPostprocessing = 0;
			shellPath = /bin/sh;
			shellScript = "\"${SRCROOT}/Pods/Target Support Files/Pods-MHLiveShow/Pods-MHLiveShow-resources.sh\"\n";
			showEnvVarsInLog = 0;
		};
		A8BA87781C18B3641B735D58 /* [CP] Embed Pods Frameworks */ = {
			isa = PBXShellScriptBuildPhase;
			buildActionMask = 2147483647;
			files = (
			);
			inputPaths = (
			);
			name = "[CP] Embed Pods Frameworks";
			outputPaths = (
			);
			runOnlyForDeploymentPostprocessing = 0;
			shellPath = /bin/sh;
			shellScript = "\"${SRCROOT}/Pods/Target Support Files/Pods-MHLiveShow/Pods-MHLiveShow-frameworks.sh\"\n";
			showEnvVarsInLog = 0;
		};
		CCBB088EBB77EEF70E895688 /* [CP] Check Pods Manifest.lock */ = {
			isa = PBXShellScriptBuildPhase;
			buildActionMask = 2147483647;
			files = (
			);
			inputPaths = (
			);
			name = "[CP] Check Pods Manifest.lock";
			outputPaths = (
			);
			runOnlyForDeploymentPostprocessing = 0;
			shellPath = /bin/sh;
			shellScript = "diff \"${PODS_ROOT}/../Podfile.lock\" \"${PODS_ROOT}/Manifest.lock\" > /dev/null\nif [[ $? != 0 ]] ; then\n    cat << EOM\nerror: The sandbox is not in sync with the Podfile.lock. Run 'pod install' or update your CocoaPods installation.\nEOM\n    exit 1\nfi\n";
			showEnvVarsInLog = 0;
		};
/* End PBXShellScriptBuildPhase section */

/* Begin PBXSourcesBuildPhase section */
		62F41E0A1E5F453200AB52D6 /* Sources */ = {
			isa = PBXSourcesBuildPhase;
			buildActionMask = 2147483647;
			files = (
				62F41E941E5F544200AB52D6 /* MHBackButton.m in Sources */,
				62F41E7E1E5F544200AB52D6 /* NSDate+Extension.m in Sources */,
				62F41E931E5F544200AB52D6 /* MHWebImageTool.m in Sources */,
				62F41E191E5F453200AB52D6 /* ViewController.m in Sources */,
				62F41E7F1E5F544200AB52D6 /* NSDateFormatter+Extension.m in Sources */,
				62F41E881E5F544200AB52D6 /* UIImage+MHOrientation.m in Sources */,
				62F41E821E5F544200AB52D6 /* UIBarButtonItem+MHExtension.m in Sources */,
				62F41E8C1E5F544200AB52D6 /* UIViewController+MHDismissKeyboard.m in Sources */,
				62F41E981E5F544200AB52D6 /* MHTitleLeftButton.m in Sources */,
				62F41E8E1E5F544200AB52D6 /* MBProgressHUD+MH.m in Sources */,
				62F41E971E5F544200AB52D6 /* MHImageView.m in Sources */,
				62F41E8B1E5F544200AB52D6 /* UIView+MHFrame.m in Sources */,
				62F41E991E5F544200AB52D6 /* MHTitleRightButton.m in Sources */,
				62F41E8A1E5F544200AB52D6 /* UIView+MHExtension.m in Sources */,
				62F41E9D1E5F561A00AB52D6 /* MHConstant.m in Sources */,
				62F41E871E5F544200AB52D6 /* UIImage+MHFile.m in Sources */,
				62F41E851E5F544200AB52D6 /* UIImage+MHCrop.m in Sources */,
				62F41E801E5F544200AB52D6 /* NSObject+MHRandom.m in Sources */,
				62F41E891E5F544200AB52D6 /* UIImage+MHSnap.m in Sources */,
				62F41E921E5F544200AB52D6 /* MHAppUtils.m in Sources */,
				62F41E861E5F544200AB52D6 /* UIImage+MHExtension.m in Sources */,
				62F41E161E5F453200AB52D6 /* AppDelegate.m in Sources */,
				62F41E831E5F544200AB52D6 /* UIFont+MHExtension.m in Sources */,
				62F41E811E5F544200AB52D6 /* NSString+MHSize.m in Sources */,
				62F41E131E5F453200AB52D6 /* main.m in Sources */,
				62F41E961E5F544200AB52D6 /* MHDivider.m in Sources */,
				62F41E8D1E5F544200AB52D6 /* UIViewController+MHHUD.m in Sources */,
				62F41E951E5F544200AB52D6 /* MHButton.m in Sources */,
				62F41E841E5F544200AB52D6 /* UIImage+MHBlur.m in Sources */,
			);
			runOnlyForDeploymentPostprocessing = 0;
		};
/* End PBXSourcesBuildPhase section */

/* Begin PBXVariantGroup section */
		62F41E1A1E5F453200AB52D6 /* Main.storyboard */ = {
			isa = PBXVariantGroup;
			children = (
				62F41E1B1E5F453200AB52D6 /* Base */,
			);
			name = Main.storyboard;
			sourceTree = "<group>";
		};
		62F41E1F1E5F453200AB52D6 /* LaunchScreen.storyboard */ = {
			isa = PBXVariantGroup;
			children = (
				62F41E201E5F453200AB52D6 /* Base */,
			);
			name = LaunchScreen.storyboard;
			sourceTree = "<group>";
		};
/* End PBXVariantGroup section */

/* Begin XCBuildConfiguration section */
		62F41E231E5F453200AB52D6 /* Debug */ = {
			isa = XCBuildConfiguration;
			buildSettings = {
				ALWAYS_SEARCH_USER_PATHS = NO;
				CLANG_ANALYZER_NONNULL = YES;
				CLANG_CXX_LANGUAGE_STANDARD = "gnu++0x";
				CLANG_CXX_LIBRARY = "libc++";
				CLANG_ENABLE_MODULES = YES;
				CLANG_ENABLE_OBJC_ARC = YES;
				CLANG_WARN_BOOL_CONVERSION = YES;
				CLANG_WARN_CONSTANT_CONVERSION = YES;
				CLANG_WARN_DIRECT_OBJC_ISA_USAGE = YES_ERROR;
				CLANG_WARN_DOCUMENTATION_COMMENTS = YES;
				CLANG_WARN_EMPTY_BODY = YES;
				CLANG_WARN_ENUM_CONVERSION = YES;
				CLANG_WARN_INFINITE_RECURSION = YES;
				CLANG_WARN_INT_CONVERSION = YES;
				CLANG_WARN_OBJC_ROOT_CLASS = YES_ERROR;
				CLANG_WARN_SUSPICIOUS_MOVE = YES;
				CLANG_WARN_UNREACHABLE_CODE = YES;
				CLANG_WARN__DUPLICATE_METHOD_MATCH = YES;
				"CODE_SIGN_IDENTITY[sdk=iphoneos*]" = "iPhone Developer";
				COPY_PHASE_STRIP = NO;
				DEBUG_INFORMATION_FORMAT = dwarf;
				ENABLE_STRICT_OBJC_MSGSEND = YES;
				ENABLE_TESTABILITY = YES;
				GCC_C_LANGUAGE_STANDARD = gnu99;
				GCC_DYNAMIC_NO_PIC = NO;
				GCC_NO_COMMON_BLOCKS = YES;
				GCC_OPTIMIZATION_LEVEL = 0;
				GCC_PREPROCESSOR_DEFINITIONS = (
					"DEBUG=1",
					"$(inherited)",
				);
				GCC_WARN_64_TO_32_BIT_CONVERSION = YES;
				GCC_WARN_ABOUT_RETURN_TYPE = YES_ERROR;
				GCC_WARN_UNDECLARED_SELECTOR = YES;
				GCC_WARN_UNINITIALIZED_AUTOS = YES_AGGRESSIVE;
				GCC_WARN_UNUSED_FUNCTION = YES;
				GCC_WARN_UNUSED_VARIABLE = YES;
				IPHONEOS_DEPLOYMENT_TARGET = 8.0;
				MTL_ENABLE_DEBUG_INFO = YES;
				ONLY_ACTIVE_ARCH = YES;
				SDKROOT = iphoneos;
			};
			name = Debug;
		};
		62F41E241E5F453200AB52D6 /* Release */ = {
			isa = XCBuildConfiguration;
			buildSettings = {
				ALWAYS_SEARCH_USER_PATHS = NO;
				CLANG_ANALYZER_NONNULL = YES;
				CLANG_CXX_LANGUAGE_STANDARD = "gnu++0x";
				CLANG_CXX_LIBRARY = "libc++";
				CLANG_ENABLE_MODULES = YES;
				CLANG_ENABLE_OBJC_ARC = YES;
				CLANG_WARN_BOOL_CONVERSION = YES;
				CLANG_WARN_CONSTANT_CONVERSION = YES;
				CLANG_WARN_DIRECT_OBJC_ISA_USAGE = YES_ERROR;
				CLANG_WARN_DOCUMENTATION_COMMENTS = YES;
				CLANG_WARN_EMPTY_BODY = YES;
				CLANG_WARN_ENUM_CONVERSION = YES;
				CLANG_WARN_INFINITE_RECURSION = YES;
				CLANG_WARN_INT_CONVERSION = YES;
				CLANG_WARN_OBJC_ROOT_CLASS = YES_ERROR;
				CLANG_WARN_SUSPICIOUS_MOVE = YES;
				CLANG_WARN_UNREACHABLE_CODE = YES;
				CLANG_WARN__DUPLICATE_METHOD_MATCH = YES;
				"CODE_SIGN_IDENTITY[sdk=iphoneos*]" = "iPhone Developer";
				COPY_PHASE_STRIP = NO;
				DEBUG_INFORMATION_FORMAT = "dwarf-with-dsym";
				ENABLE_NS_ASSERTIONS = NO;
				ENABLE_STRICT_OBJC_MSGSEND = YES;
				GCC_C_LANGUAGE_STANDARD = gnu99;
				GCC_NO_COMMON_BLOCKS = YES;
				GCC_WARN_64_TO_32_BIT_CONVERSION = YES;
				GCC_WARN_ABOUT_RETURN_TYPE = YES_ERROR;
				GCC_WARN_UNDECLARED_SELECTOR = YES;
				GCC_WARN_UNINITIALIZED_AUTOS = YES_AGGRESSIVE;
				GCC_WARN_UNUSED_FUNCTION = YES;
				GCC_WARN_UNUSED_VARIABLE = YES;
				IPHONEOS_DEPLOYMENT_TARGET = 8.0;
				MTL_ENABLE_DEBUG_INFO = NO;
				SDKROOT = iphoneos;
				VALIDATE_PRODUCT = YES;
			};
			name = Release;
		};
		62F41E261E5F453200AB52D6 /* Debug */ = {
			isa = XCBuildConfiguration;
			baseConfigurationReference = E7FA9440C6D50D1125CFAFD0 /* Pods-MHLiveShow.debug.xcconfig */;
			buildSettings = {
				ASSETCATALOG_COMPILER_APPICON_NAME = AppIcon;
				DEVELOPMENT_TEAM = MVW6RM56HS;
				GCC_PREFIX_HEADER = MHLiveShow/MHLiveShowPrefixHeader.pch;
				INFOPLIST_FILE = MHLiveShow/Info.plist;
				IPHONEOS_DEPLOYMENT_TARGET = 8.0;
				LD_RUNPATH_SEARCH_PATHS = "$(inherited) @executable_path/Frameworks";
				PRODUCT_BUNDLE_IDENTIFIER = com.CoderMikeHe.MHLiveShow;
				PRODUCT_NAME = "$(TARGET_NAME)";
			};
			name = Debug;
		};
		62F41E271E5F453200AB52D6 /* Release */ = {
			isa = XCBuildConfiguration;
			baseConfigurationReference = 6E13EF41B44EB672A99A0052 /* Pods-MHLiveShow.release.xcconfig */;
			buildSettings = {
				ASSETCATALOG_COMPILER_APPICON_NAME = AppIcon;
				DEVELOPMENT_TEAM = MVW6RM56HS;
				GCC_PREFIX_HEADER = MHLiveShow/MHLiveShowPrefixHeader.pch;
				INFOPLIST_FILE = MHLiveShow/Info.plist;
				IPHONEOS_DEPLOYMENT_TARGET = 8.0;
				LD_RUNPATH_SEARCH_PATHS = "$(inherited) @executable_path/Frameworks";
				PRODUCT_BUNDLE_IDENTIFIER = com.CoderMikeHe.MHLiveShow;
				PRODUCT_NAME = "$(TARGET_NAME)";
			};
			name = Release;
		};
/* End XCBuildConfiguration section */

/* Begin XCConfigurationList section */
		62F41E091E5F453200AB52D6 /* Build configuration list for PBXProject "MHLiveShow" */ = {
			isa = XCConfigurationList;
			buildConfigurations = (
				62F41E231E5F453200AB52D6 /* Debug */,
				62F41E241E5F453200AB52D6 /* Release */,
			);
			defaultConfigurationIsVisible = 0;
			defaultConfigurationName = Release;
		};
		62F41E251E5F453200AB52D6 /* Build configuration list for PBXNativeTarget "MHLiveShow" */ = {
			isa = XCConfigurationList;
			buildConfigurations = (
				62F41E261E5F453200AB52D6 /* Debug */,
				62F41E271E5F453200AB52D6 /* Release */,
			);
			defaultConfigurationIsVisible = 0;
			defaultConfigurationName = Release;
		};
/* End XCConfigurationList section */
	};
	rootObject = 62F41E061E5F453200AB52D6 /* Project object */;
}
